
Microsoft Visual Studio Solution File, Format Version 12.00
# Visual Studio Version 17
VisualStudioVersion = 17.4.33213.308
MinimumVisualStudioVersion = 10.0.40219.1
Project("{FAE04EC0-301F-11D3-BF4B-00C04F79EFBC}") = "SuperHeroAPI", "SuperHeroAPI\SuperHeroAPI.csproj", "{1C50CB75-6BC8-469F-A0E8-53784DA727F3}"
EndProject
Global
	GlobalSection(SolutionConfigurationPlatforms) = preSolution
		Debug|Any CPU = Debug|Any CPU
		Release|Any CPU = Release|Any CPU
	EndGlobalSection
	GlobalSection(ProjectConfigurationPlatforms) = postSolution
		{1C50CB75-6BC8-469F-A0E8-53784DA727F3}.Debug|Any CPU.ActiveCfg = Debug|Any CPU
		{1C50CB75-6BC8-469F-A0E8-53784DA727F3}.Debug|Any CPU.Build.0 = Debug|Any CPU
		{1C50CB75-6BC8-469F-A0E8-53784DA727F3}.Release|Any CPU.ActiveCfg = Release|Any CPU
		{1C50CB75-6BC8-469F-A0E8-53784DA727F3}.Release|Any CPU.Build.0 = Release|Any CPU
	EndGlobalSection
	GlobalSection(SolutionProperties) = preSolution
		HideSolutionNode = FALSE
	EndGlobalSection
	GlobalSection(ExtensibilityGlobals) = postSolution
		SolutionGuid = {45157F2E-7C56-4673-88C9-322EEC195BCE}
	EndGlobalSection
EndGlobal
